set_location_assignment PIN_AB12 -to a
set_location_assignment PIN_AC12 -to c
set_location_assignment PIN_AF9  -to mode
set_location_assignment PIN_AA14 -to rst
set_location_assignment PIN_AA15 -to n_clk
set_location_assignment PIN_V16 -to s
set_location_assignment PIN_W16 -to t
set_location_assignment PIN_V17  -to n